// !$*UTF8*$!
{
	archiveVersion = 1;
	classes = {
	};
	objectVersion = 50;
	objects = {

/* Begin PBXBuildFile section */
		711BC283225527A800D6570C /* AppDelegate.swift in Sources */ = {isa = PBXBuildFile; fileRef = 711BC282225527A800D6570C /* AppDelegate.swift */; };
		711BC285225527A800D6570C /* ViewController.swift in Sources */ = {isa = PBXBuildFile; fileRef = 711BC284225527A800D6570C /* ViewController.swift */; };
		711BC288225527A800D6570C /* Main.storyboard in Resources */ = {isa = PBXBuildFile; fileRef = 711BC286225527A800D6570C /* Main.storyboard */; };
		711BC28A225527A900D6570C /* Assets.xcassets in Resources */ = {isa = PBXBuildFile; fileRef = 711BC289225527A900D6570C /* Assets.xcassets */; };
		711BC28D225527A900D6570C /* LaunchScreen.storyboard in Resources */ = {isa = PBXBuildFile; fileRef = 711BC28B225527A900D6570C /* LaunchScreen.storyboard */; };
		711BC298225527A900D6570C /* project2Tests.swift in Sources */ = {isa = PBXBuildFile; fileRef = 711BC297225527A900D6570C /* project2Tests.swift */; };
		711BC2A3225527A900D6570C /* project2UITests.swift in Sources */ = {isa = PBXBuildFile; fileRef = 711BC2A2225527A900D6570C /* project2UITests.swift */; };
		718C6B7C225BCBC200831B5F /* FlipBookViewController.swift in Sources */ = {isa = PBXBuildFile; fileRef = 718C6B7B225BCBC200831B5F /* FlipBookViewController.swift */; };
		718C6B7E225BCBCE00831B5F /* YogaViewController.swift in Sources */ = {isa = PBXBuildFile; fileRef = 718C6B7D225BCBCE00831B5F /* YogaViewController.swift */; };
		718C6B80225BCBE300831B5F /* SpinViewController.swift in Sources */ = {isa = PBXBuildFile; fileRef = 718C6B7F225BCBE300831B5F /* SpinViewController.swift */; };
		718C6B82225BCBF500831B5F /* PavillionViewController.swift in Sources */ = {isa = PBXBuildFile; fileRef = 718C6B81225BCBF500831B5F /* PavillionViewController.swift */; };
		718C6B84225BCC0300831B5F /* MacViewController.swift in Sources */ = {isa = PBXBuildFile; fileRef = 718C6B83225BCC0300831B5F /* MacViewController.swift */; };
/* End PBXBuildFile section */

/* Begin PBXContainerItemProxy section */
		711BC294225527A900D6570C /* PBXContainerItemProxy */ = {
			isa = PBXContainerItemProxy;
			containerPortal = 711BC277225527A800D6570C /* Project object */;
			proxyType = 1;
			remoteGlobalIDString = 711BC27E225527A800D6570C;
			remoteInfo = project2;
		};
		711BC29F225527A900D6570C /* PBXContainerItemProxy */ = {
			isa = PBXContainerItemProxy;
			containerPortal = 711BC277225527A800D6570C /* Project object */;
			proxyType = 1;
			remoteGlobalIDString = 711BC27E225527A800D6570C;
			remoteInfo = project2;
		};
/* End PBXContainerItemProxy section */

/* Begin PBXFileReference section */
		711BC27F225527A800D6570C /* project2.app */ = {isa = PBXFileReference; explicitFileType = wrapper.application; includeInIndex = 0; path = project2.app; sourceTree = BUILT_PRODUCTS_DIR; };
		711BC282225527A800D6570C /* AppDelegate.swift */ = {isa = PBXFileReference; lastKnownFileType = sourcecode.swift; path = AppDelegate.swift; sourceTree = "<group>"; };
		711BC284225527A800D6570C /* ViewController.swift */ = {isa = PBXFileReference; lastKnownFileType = sourcecode.swift; path = ViewController.swift; sourceTree = "<group>"; };
		711BC287225527A800D6570C /* Base */ = {isa = PBXFileReference; lastKnownFileType = file.storyboard; name = Base; path = Base.lproj/Main.storyboard; sourceTree = "<group>"; };
		711BC289225527A900D6570C /* Assets.xcassets */ = {isa = PBXFileReference; lastKnownFileType = folder.assetcatalog; path = Assets.xcassets; sourceTree = "<group>"; };
		711BC28C225527A900D6570C /* Base */ = {isa = PBXFileReference; lastKnownFileType = file.storyboard; name = Base; path = Base.lproj/LaunchScreen.storyboard; sourceTree = "<group>"; };
		711BC28E225527A900D6570C /* Info.plist */ = {isa = PBXFileReference; lastKnownFileType = text.plist.xml; path = Info.plist; sourceTree = "<group>"; };
		711BC293225527A900D6570C /* project2Tests.xctest */ = {isa = PBXFileReference; explicitFileType = wrapper.cfbundle; includeInIndex = 0; path = project2Tests.xctest; sourceTree = BUILT_PRODUCTS_DIR; };
		711BC297225527A900D6570C /* project2Tests.swift */ = {isa = PBXFileReference; lastKnownFileType = sourcecode.swift; path = project2Tests.swift; sourceTree = "<group>"; };
		711BC299225527A900D6570C /* Info.plist */ = {isa = PBXFileReference; lastKnownFileType = text.plist.xml; path = Info.plist; sourceTree = "<group>"; };
		711BC29E225527A900D6570C /* project2UITests.xctest */ = {isa = PBXFileReference; explicitFileType = wrapper.cfbundle; includeInIndex = 0; path = project2UITests.xctest; sourceTree = BUILT_PRODUCTS_DIR; };
		711BC2A2225527A900D6570C /* project2UITests.swift */ = {isa = PBXFileReference; lastKnownFileType = sourcecode.swift; path = project2UITests.swift; sourceTree = "<group>"; };
		711BC2A4225527A900D6570C /* Info.plist */ = {isa = PBXFileReference; lastKnownFileType = text.plist.xml; path = Info.plist; sourceTree = "<group>"; };
		718C6B7B225BCBC200831B5F /* FlipBookViewController.swift */ = {isa = PBXFileReference; lastKnownFileType = sourcecode.swift; path = FlipBookViewController.swift; sourceTree = "<group>"; };
		718C6B7D225BCBCE00831B5F /* YogaViewController.swift */ = {isa = PBXFileReference; lastKnownFileType = sourcecode.swift; path = YogaViewController.swift; sourceTree = "<group>"; };
		718C6B7F225BCBE300831B5F /* SpinViewController.swift */ = {isa = PBXFileReference; lastKnownFileType = sourcecode.swift; path = SpinViewController.swift; sourceTree = "<group>"; };
		718C6B81225BCBF500831B5F /* PavillionViewController.swift */ = {isa = PBXFileReference; lastKnownFileType = sourcecode.swift; path = PavillionViewController.swift; sourceTree = "<group>"; };
		718C6B83225BCC0300831B5F /* MacViewController.swift */ = {isa = PBXFileReference; lastKnownFileType = sourcecode.swift; path = MacViewController.swift; sourceTree = "<group>"; };
/* End PBXFileReference section */

/* Begin PBXFrameworksBuildPhase section */
		711BC27C225527A800D6570C /* Frameworks */ = {
			isa = PBXFrameworksBuildPhase;
			buildActionMask = 2147483647;
			files = (
			);
			runOnlyForDeploymentPostprocessing = 0;
		};
		711BC290225527A900D6570C /* Frameworks */ = {
			isa = PBXFrameworksBuildPhase;
			buildActionMask = 2147483647;
			files = (
			);
			runOnlyForDeploymentPostprocessing = 0;
		};
		711BC29B225527A900D6570C /* Frameworks */ = {
			isa = PBXFrameworksBuildPhase;
			buildActionMask = 2147483647;
			files = (
			);
			runOnlyForDeploymentPostprocessing = 0;
		};
/* End PBXFrameworksBuildPhase section */

/* Begin PBXGroup section */
		711BC276225527A800D6570C = {
			isa = PBXGroup;
			children = (
				711BC281225527A800D6570C /* project2 */,
				711BC296225527A900D6570C /* project2Tests */,
				711BC2A1225527A900D6570C /* project2UITests */,
				711BC280225527A800D6570C /* Products */,
			);
			sourceTree = "<group>";
		};
		711BC280225527A800D6570C /* Products */ = {
			isa = PBXGroup;
			children = (
				711BC27F225527A800D6570C /* project2.app */,
				711BC293225527A900D6570C /* project2Tests.xctest */,
				711BC29E225527A900D6570C /* project2UITests.xctest */,
			);
			name = Products;
			sourceTree = "<group>";
		};
		711BC281225527A800D6570C /* project2 */ = {
			isa = PBXGroup;
			children = (
				711BC282225527A800D6570C /* AppDelegate.swift */,
				711BC284225527A800D6570C /* ViewController.swift */,
				711BC286225527A800D6570C /* Main.storyboard */,
				718C6B7B225BCBC200831B5F /* FlipBookViewController.swift */,
				718C6B7D225BCBCE00831B5F /* YogaViewController.swift */,
				718C6B7F225BCBE300831B5F /* SpinViewController.swift */,
				718C6B81225BCBF500831B5F /* PavillionViewController.swift */,
				718C6B83225BCC0300831B5F /* MacViewController.swift */,
				711BC289225527A900D6570C /* Assets.xcassets */,
				711BC28B225527A900D6570C /* LaunchScreen.storyboard */,
				711BC28E225527A900D6570C /* Info.plist */,
			);
			path = project2;
			sourceTree = "<group>";
		};
		711BC296225527A900D6570C /* project2Tests */ = {
			isa = PBXGroup;
			children = (
				711BC297225527A900D6570C /* project2Tests.swift */,
				711BC299225527A900D6570C /* Info.plist */,
			);
			path = project2Tests;
			sourceTree = "<group>";
		};
		711BC2A1225527A900D6570C /* project2UITests */ = {
			isa = PBXGroup;
			children = (
				711BC2A2225527A900D6570C /* project2UITests.swift */,
				711BC2A4225527A900D6570C /* Info.plist */,
			);
			path = project2UITests;
			sourceTree = "<group>";
		};
/* End PBXGroup section */

/* Begin PBXNativeTarget section */
		711BC27E225527A800D6570C /* project2 */ = {
			isa = PBXNativeTarget;
			buildConfigurationList = 711BC2A7225527A900D6570C /* Build configuration list for PBXNativeTarget "project2" */;
			buildPhases = (
				711BC27B225527A800D6570C /* Sources */,
				711BC27C225527A800D6570C /* Frameworks */,
				711BC27D225527A800D6570C /* Resources */,
			);
			buildRules = (
			);
			dependencies = (
			);
			name = project2;
			productName = project2;
			productReference = 711BC27F225527A800D6570C /* project2.app */;
			productType = "com.apple.product-type.application";
		};
		711BC292225527A900D6570C /* project2Tests */ = {
			isa = PBXNativeTarget;
			buildConfigurationList = 711BC2AA225527A900D6570C /* Build configuration list for PBXNativeTarget "project2Tests" */;
			buildPhases = (
				711BC28F225527A900D6570C /* Sources */,
				711BC290225527A900D6570C /* Frameworks */,
				711BC291225527A900D6570C /* Resources */,
			);
			buildRules = (
			);
			dependencies = (
				711BC295225527A900D6570C /* PBXTargetDependency */,
			);
			name = project2Tests;
			productName = project2Tests;
			productReference = 711BC293225527A900D6570C /* project2Tests.xctest */;
			productType = "com.apple.product-type.bundle.unit-test";
		};
		711BC29D225527A900D6570C /* project2UITests */ = {
			isa = PBXNativeTarget;
			buildConfigurationList = 711BC2AD225527A900D6570C /* Build configuration list for PBXNativeTarget "project2UITests" */;
			buildPhases = (
				711BC29A225527A900D6570C /* Sources */,
				711BC29B225527A900D6570C /* Frameworks */,
				711BC29C225527A900D6570C /* Resources */,
			);
			buildRules = (
			);
			dependencies = (
				711BC2A0225527A900D6570C /* PBXTargetDependency */,
			);
			name = project2UITests;
			productName = project2UITests;
			productReference = 711BC29E225527A900D6570C /* project2UITests.xctest */;
			productType = "com.apple.product-type.bundle.ui-testing";
		};
/* End PBXNativeTarget section */

/* Begin PBXProject section */
		711BC277225527A800D6570C /* Project object */ = {
			isa = PBXProject;
			attributes = {
				LastSwiftUpdateCheck = 1010;
				LastUpgradeCheck = 1010;
				ORGANIZATIONNAME = "Hernandez, Tyler R";
				TargetAttributes = {
					711BC27E225527A800D6570C = {
						CreatedOnToolsVersion = 10.1;
					};
					711BC292225527A900D6570C = {
						CreatedOnToolsVersion = 10.1;
						TestTargetID = 711BC27E225527A800D6570C;
					};
					711BC29D225527A900D6570C = {
						CreatedOnToolsVersion = 10.1;
						TestTargetID = 711BC27E225527A800D6570C;
					};
				};
			};
			buildConfigurationList = 711BC27A225527A800D6570C /* Build configuration list for PBXProject "project2" */;
			compatibilityVersion = "Xcode 9.3";
			developmentRegion = en;
			hasScannedForEncodings = 0;
			knownRegions = (
				en,
				Base,
			);
			mainGroup = 711BC276225527A800D6570C;
			productRefGroup = 711BC280225527A800D6570C /* Products */;
			projectDirPath = "";
			projectRoot = "";
			targets = (
				711BC27E225527A800D6570C /* project2 */,
				711BC292225527A900D6570C /* project2Tests */,
				711BC29D225527A900D6570C /* project2UITests */,
			);
		};
/* End PBXProject section */

/* Begin PBXResourcesBuildPhase section */
		711BC27D225527A800D6570C /* Resources */ = {
			isa = PBXResourcesBuildPhase;
			buildActionMask = 2147483647;
			files = (
				711BC28D225527A900D6570C /* LaunchScreen.storyboard in Resources */,
				711BC28A225527A900D6570C /* Assets.xcassets in Resources */,
				711BC288225527A800D6570C /* Main.storyboard in Resources */,
			);
			runOnlyForDeploymentPostprocessing = 0;
		};
		711BC291225527A900D6570C /* Resources */ = {
			isa = PBXResourcesBuildPhase;
			buildActionMask = 2147483647;
			files = (
			);
			runOnlyForDeploymentPostprocessing = 0;
		};
		711BC29C225527A900D6570C /* Resources */ = {
			isa = PBXResourcesBuildPhase;
			buildActionMask = 2147483647;
			files = (
			);
			runOnlyForDeploymentPostprocessing = 0;
		};
/* End PBXResourcesBuildPhase section */

/* Begin PBXSourcesBuildPhase section */
		711BC27B225527A800D6570C /* Sources */ = {
			isa = PBXSourcesBuildPhase;
			buildActionMask = 2147483647;
			files = (
				711BC285225527A800D6570C /* ViewController.swift in Sources */,
				711BC283225527A800D6570C /* AppDelegate.swift in Sources */,
				718C6B7E225BCBCE00831B5F /* YogaViewController.swift in Sources */,
				718C6B7C225BCBC200831B5F /* FlipBookViewController.swift in Sources */,
				718C6B80225BCBE300831B5F /* SpinViewController.swift in Sources */,
				718C6B84225BCC0300831B5F /* MacViewController.swift in Sources */,
				718C6B82225BCBF500831B5F /* PavillionViewController.swift in Sources */,
			);
			runOnlyForDeploymentPostprocessing = 0;
		};
		711BC28F225527A900D6570C /* Sources */ = {
			isa = PBXSourcesBuildPhase;
			buildActionMask = 2147483647;
			files = (
				711BC298225527A900D6570C /* project2Tests.swift in Sources */,
			);
			runOnlyForDeploymentPostprocessing = 0;
		};
		711BC29A225527A900D6570C /* Sources */ = {
			isa = PBXSourcesBuildPhase;
			buildActionMask = 2147483647;
			files = (
				711BC2A3225527A900D6570C /* project2UITests.swift in Sources */,
			);
			runOnlyForDeploymentPostprocessing = 0;
		};
/* End PBXSourcesBuildPhase section */

/* Begin PBXTargetDependency section */
		711BC295225527A900D6570C /* PBXTargetDependency */ = {
			isa = PBXTargetDependency;
			target = 711BC27E225527A800D6570C /* project2 */;
			targetProxy = 711BC294225527A900D6570C /* PBXContainerItemProxy */;
		};
		711BC2A0225527A900D6570C /* PBXTargetDependency */ = {
			isa = PBXTargetDependency;
			target = 711BC27E225527A800D6570C /* project2 */;
			targetProxy = 711BC29F225527A900D6570C /* PBXContainerItemProxy */;
		};
/* End PBXTargetDependency section */

/* Begin PBXVariantGroup section */
		711BC286225527A800D6570C /* Main.storyboard */ = {
			isa = PBXVariantGroup;
			children = (
				711BC287225527A800D6570C /* Base */,
			);
			name = Main.storyboard;
			sourceTree = "<group>";
		};
		711BC28B225527A900D6570C /* LaunchScreen.storyboard */ = {
			isa = PBXVariantGroup;
			children = (
				711BC28C225527A900D6570C /* Base */,
			);
			name = LaunchScreen.storyboard;
			sourceTree = "<group>";
		};
/* End PBXVariantGroup section */

/* Begin XCBuildConfiguration section */
		711BC2A5225527A900D6570C /* Debug */ = {
			isa = XCBuildConfiguration;
			buildSettings = {
				ALWAYS_SEARCH_USER_PATHS = NO;
				CLANG_ANALYZER_NONNULL = YES;
				CLANG_ANALYZER_NUMBER_OBJECT_CONVERSION = YES_AGGRESSIVE;
				CLANG_CXX_LANGUAGE_STANDARD = "gnu++14";
				CLANG_CXX_LIBRARY = "libc++";
				CLANG_ENABLE_MODULES = YES;
				CLANG_ENABLE_OBJC_ARC = YES;
				CLANG_ENABLE_OBJC_WEAK = YES;
				CLANG_WARN_BLOCK_CAPTURE_AUTORELEASING = YES;
				CLANG_WARN_BOOL_CONVERSION = YES;
				CLANG_WARN_COMMA = YES;
				CLANG_WARN_CONSTANT_CONVERSION = YES;
				CLANG_WARN_DEPRECATED_OBJC_IMPLEMENTATIONS = YES;
				CLANG_WARN_DIRECT_OBJC_ISA_USAGE = YES_ERROR;
				CLANG_WARN_DOCUMENTATION_COMMENTS = YES;
				CLANG_WARN_EMPTY_BODY = YES;
				CLANG_WARN_ENUM_CONVERSION = YES;
				CLANG_WARN_INFINITE_RECURSION = YES;
				CLANG_WARN_INT_CONVERSION = YES;
				CLANG_WARN_NON_LITERAL_NULL_CONVERSION = YES;
				CLANG_WARN_OBJC_IMPLICIT_RETAIN_SELF = YES;
				CLANG_WARN_OBJC_LITERAL_CONVERSION = YES;
				CLANG_WARN_OBJC_ROOT_CLASS = YES_ERROR;
				CLANG_WARN_RANGE_LOOP_ANALYSIS = YES;
				CLANG_WARN_STRICT_PROTOTYPES = YES;
				CLANG_WARN_SUSPICIOUS_MOVE = YES;
				CLANG_WARN_UNGUARDED_AVAILABILITY = YES_AGGRESSIVE;
				CLANG_WARN_UNREACHABLE_CODE = YES;
				CLANG_WARN__DUPLICATE_METHOD_MATCH = YES;
				CODE_SIGN_IDENTITY = "iPhone Developer";
				COPY_PHASE_STRIP = NO;
				DEBUG_INFORMATION_FORMAT = dwarf;
				ENABLE_STRICT_OBJC_MSGSEND = YES;
				ENABLE_TESTABILITY = YES;
				GCC_C_LANGUAGE_STANDARD = gnu11;
				GCC_DYNAMIC_NO_PIC = NO;
				GCC_NO_COMMON_BLOCKS = YES;
				GCC_OPTIMIZATION_LEVEL = 0;
				GCC_PREPROCESSOR_DEFINITIONS = (
					"DEBUG=1",
					"$(inherited)",
				);
				GCC_WARN_64_TO_32_BIT_CONVERSION = YES;
				GCC_WARN_ABOUT_RETURN_TYPE = YES_ERROR;
				GCC_WARN_UNDECLARED_SELECTOR = YES;
				GCC_WARN_UNINITIALIZED_AUTOS = YES_AGGRESSIVE;
				GCC_WARN_UNUSED_FUNCTION = YES;
				GCC_WARN_UNUSED_VARIABLE = YES;
				IPHONEOS_DEPLOYMENT_TARGET = 12.1;
				MTL_ENABLE_DEBUG_INFO = INCLUDE_SOURCE;
				MTL_FAST_MATH = YES;
				ONLY_ACTIVE_ARCH = YES;
				SDKROOT = iphoneos;
				SWIFT_ACTIVE_COMPILATION_CONDITIONS = DEBUG;
				SWIFT_OPTIMIZATION_LEVEL = "-Onone";
			};
			name = Debug;
		};
		711BC2A6225527A900D6570C /* Release */ = {
			isa = XCBuildConfiguration;
			buildSettings = {
				ALWAYS_SEARCH_USER_PATHS = NO;
				CLANG_ANALYZER_NONNULL = YES;
				CLANG_ANALYZER_NUMBER_OBJECT_CONVERSION = YES_AGGRESSIVE;
				CLANG_CXX_LANGUAGE_STANDARD = "gnu++14";
				CLANG_CXX_LIBRARY = "libc++";
				CLANG_ENABLE_MODULES = YES;
				CLANG_ENABLE_OBJC_ARC = YES;
				CLANG_ENABLE_OBJC_WEAK = YES;
				CLANG_WARN_BLOCK_CAPTURE_AUTORELEASING = YES;
				CLANG_WARN_BOOL_CONVERSION = YES;
				CLANG_WARN_COMMA = YES;
				CLANG_WARN_CONSTANT_CONVERSION = YES;
				CLANG_WARN_DEPRECATED_OBJC_IMPLEMENTATIONS = YES;
				CLANG_WARN_DIRECT_OBJC_ISA_USAGE = YES_ERROR;
				CLANG_WARN_DOCUMENTATION_COMMENTS = YES;
				CLANG_WARN_EMPTY_BODY = YES;
				CLANG_WARN_ENUM_CONVERSION = YES;
				CLANG_WARN_INFINITE_RECURSION = YES;
				CLANG_WARN_INT_CONVERSION = YES;
				CLANG_WARN_NON_LITERAL_NULL_CONVERSION = YES;
				CLANG_WARN_OBJC_IMPLICIT_RETAIN_SELF = YES;
				CLANG_WARN_OBJC_LITERAL_CONVERSION = YES;
				CLANG_WARN_OBJC_ROOT_CLASS = YES_ERROR;
				CLANG_WARN_RANGE_LOOP_ANALYSIS = YES;
				CLANG_WARN_STRICT_PROTOTYPES = YES;
				CLANG_WARN_SUSPICIOUS_MOVE = YES;
				CLANG_WARN_UNGUARDED_AVAILABILITY = YES_AGGRESSIVE;
				CLANG_WARN_UNREACHABLE_CODE = YES;
				CLANG_WARN__DUPLICATE_METHOD_MATCH = YES;
				CODE_SIGN_IDENTITY = "iPhone Developer";
				COPY_PHASE_STRIP = NO;
				DEBUG_INFORMATION_FORMAT = "dwarf-with-dsym";
				ENABLE_NS_ASSERTIONS = NO;
				ENABLE_STRICT_OBJC_MSGSEND = YES;
				GCC_C_LANGUAGE_STANDARD = gnu11;
				GCC_NO_COMMON_BLOCKS = YES;
				GCC_WARN_64_TO_32_BIT_CONVERSION = YES;
				GCC_WARN_ABOUT_RETURN_TYPE = YES_ERROR;
				GCC_WARN_UNDECLARED_SELECTOR = YES;
				GCC_WARN_UNINITIALIZED_AUTOS = YES_AGGRESSIVE;
				GCC_WARN_UNUSED_FUNCTION = YES;
				GCC_WARN_UNUSED_VARIABLE = YES;
				IPHONEOS_DEPLOYMENT_TARGET = 12.1;
				MTL_ENABLE_DEBUG_INFO = NO;
				MTL_FAST_MATH = YES;
				SDKROOT = iphoneos;
				SWIFT_COMPILATION_MODE = wholemodule;
				SWIFT_OPTIMIZATION_LEVEL = "-O";
				VALIDATE_PRODUCT = YES;
			};
			name = Release;
		};
		711BC2A8225527A900D6570C /* Debug */ = {
			isa = XCBuildConfiguration;
			buildSettings = {
				ASSETCATALOG_COMPILER_APPICON_NAME = AppIcon;
				CODE_SIGN_STYLE = Automatic;
				INFOPLIST_FILE = project2/Info.plist;
				LD_RUNPATH_SEARCH_PATHS = (
					"$(inherited)",
					"@executable_path/Frameworks",
				);
				PRODUCT_BUNDLE_IDENTIFIER = com.tyrayhern.project2;
				PRODUCT_NAME = "$(TARGET_NAME)";
				SWIFT_VERSION = 4.2;
				TARGETED_DEVICE_FAMILY = "1,2";
			};
			name = Debug;
		};
		711BC2A9225527A900D6570C /* Release */ = {
			isa = XCBuildConfiguration;
			buildSettings = {
				ASSETCATALOG_COMPILER_APPICON_NAME = AppIcon;
				CODE_SIGN_STYLE = Automatic;
				INFOPLIST_FILE = project2/Info.plist;
				LD_RUNPATH_SEARCH_PATHS = (
					"$(inherited)",
					"@executable_path/Frameworks",
				);
				PRODUCT_BUNDLE_IDENTIFIER = com.tyrayhern.project2;
				PRODUCT_NAME = "$(TARGET_NAME)";
				SWIFT_VERSION = 4.2;
				TARGETED_DEVICE_FAMILY = "1,2";
			};
			name = Release;
		};
		711BC2AB225527A900D6570C /* Debug */ = {
			isa = XCBuildConfiguration;
			buildSettings = {
				ALWAYS_EMBED_SWIFT_STANDARD_LIBRARIES = YES;
				BUNDLE_LOADER = "$(TEST_HOST)";
				CODE_SIGN_STYLE = Automatic;
				INFOPLIST_FILE = project2Tests/Info.plist;
				LD_RUNPATH_SEARCH_PATHS = (
					"$(inherited)",
					"@executable_path/Frameworks",
					"@loader_path/Frameworks",
				);
				PRODUCT_BUNDLE_IDENTIFIER = com.tyrayhern.project2Tests;
				PRODUCT_NAME = "$(TARGET_NAME)";
				SWIFT_VERSION = 4.2;
				TARGETED_DEVICE_FAMILY = "1,2";
				TEST_HOST = "$(BUILT_PRODUCTS_DIR)/project2.app/project2";
			};
			name = Debug;
		};
		711BC2AC225527A900D6570C /* Release */ = {
			isa = XCBuildConfiguration;
			buildSettings = {
				ALWAYS_EMBED_SWIFT_STANDARD_LIBRARIES = YES;
				BUNDLE_LOADER = "$(TEST_HOST)";
				CODE_SIGN_STYLE = Automatic;
				INFOPLIST_FILE = project2Tests/Info.plist;
				LD_RUNPATH_SEARCH_PATHS = (
					"$(inherited)",
					"@executable_path/Frameworks",
					"@loader_path/Frameworks",
				);
				PRODUCT_BUNDLE_IDENTIFIER = com.tyrayhern.project2Tests;
				PRODUCT_NAME = "$(TARGET_NAME)";
				SWIFT_VERSION = 4.2;
				TARGETED_DEVICE_FAMILY = "1,2";
				TEST_HOST = "$(BUILT_PRODUCTS_DIR)/project2.app/project2";
			};
			name = Release;
		};
		711BC2AE225527A900D6570C /* Debug */ = {
			isa = XCBuildConfiguration;
			buildSettings = {
				ALWAYS_EMBED_SWIFT_STANDARD_LIBRARIES = YES;
				CODE_SIGN_STYLE = Automatic;
				INFOPLIST_FILE = project2UITests/Info.plist;
				LD_RUNPATH_SEARCH_PATHS = (
					"$(inherited)",
					"@executable_path/Frameworks",
					"@loader_path/Frameworks",
				);
				PRODUCT_BUNDLE_IDENTIFIER = com.tyrayhern.project2UITests;
				PRODUCT_NAME = "$(TARGET_NAME)";
				SWIFT_VERSION = 4.2;
				TARGETED_DEVICE_FAMILY = "1,2";
				TEST_TARGET_NAME = project2;
			};
			name = Debug;
		};
		711BC2AF225527A900D6570C /* Release */ = {
			isa = XCBuildConfiguration;
			buildSettings = {
				ALWAYS_EMBED_SWIFT_STANDARD_LIBRARIES = YES;
				CODE_SIGN_STYLE = Automatic;
				INFOPLIST_FILE = project2UITests/Info.plist;
				LD_RUNPATH_SEARCH_PATHS = (
					"$(inherited)",
					"@executable_path/Frameworks",
					"@loader_path/Frameworks",
				);
				PRODUCT_BUNDLE_IDENTIFIER = com.tyrayhern.project2UITests;
				PRODUCT_NAME = "$(TARGET_NAME)";
				SWIFT_VERSION = 4.2;
				TARGETED_DEVICE_FAMILY = "1,2";
				TEST_TARGET_NAME = project2;
			};
			name = Release;
		};
/* End XCBuildConfiguration section */

/* Begin XCConfigurationList section */
		711BC27A225527A800D6570C /* Build configuration list for PBXProject "project2" */ = {
			isa = XCConfigurationList;
			buildConfigurations = (
				711BC2A5225527A900D6570C /* Debug */,
				711BC2A6225527A900D6570C /* Release */,
			);
			defaultConfigurationIsVisible = 0;
			defaultConfigurationName = Release;
		};
		711BC2A7225527A900D6570C /* Build configuration list for PBXNativeTarget "project2" */ = {
			isa = XCConfigurationList;
			buildConfigurations = (
				711BC2A8225527A900D6570C /* Debug */,
				711BC2A9225527A900D6570C /* Release */,
			);
			defaultConfigurationIsVisible = 0;
			defaultConfigurationName = Release;
		};
		711BC2AA225527A900D6570C /* Build configuration list for PBXNativeTarget "project2Tests" */ = {
			isa = XCConfigurationList;
			buildConfigurations = (
				711BC2AB225527A900D6570C /* Debug */,
				711BC2AC225527A900D6570C /* Release */,
			);
			defaultConfigurationIsVisible = 0;
			defaultConfigurationName = Release;
		};
		711BC2AD225527A900D6570C /* Build configuration list for PBXNativeTarget "project2UITests" */ = {
			isa = XCConfigurationList;
			buildConfigurations = (
				711BC2AE225527A900D6570C /* Debug */,
				711BC2AF225527A900D6570C /* Release */,
			);
			defaultConfigurationIsVisible = 0;
			defaultConfigurationName = Release;
		};
/* End XCConfigurationList section */
	};
	rootObject = 711BC277225527A800D6570C /* Project object */;
}
